
Microsoft Visual Studio Solution File, Format Version 12.00
# Visual Studio Version 17
VisualStudioVersion = 17.8.34408.163
MinimumVisualStudioVersion = 10.0.40219.1
Project("{9A19103F-16F7-4668-BE54-9A1E7A4F7556}") = "chatbot-app.Api", "chatbot-app.Server\chatbot-app.Api.csproj", "{34AE3F5A-7A76-4214-8E13-04F8A0DD93FB}"
EndProject
Project("{54A90642-561A-4BB1-A94E-469ADEE60C69}") = "chatbot-app.client", "chatbot-app.client\chatbot-app.client.esproj", "{417F64F0-916B-4771-AE6B-245E3B436C38}"
EndProject
Project("{9A19103F-16F7-4668-BE54-9A1E7A4F7556}") = "chatbot-app.Application", "chatbot-app.Application\chatbot-app.Application.csproj", "{2769A019-F922-40C4-ABBC-DF1BBDA65B80}"
EndProject
Project("{9A19103F-16F7-4668-BE54-9A1E7A4F7556}") = "chatbot-app.Domain", "chatbot-app.Domain\chatbot-app.Domain.csproj", "{4A805517-E321-4B14-8001-1052DAAEACAD}"
EndProject
Project("{9A19103F-16F7-4668-BE54-9A1E7A4F7556}") = "chatbot-app.Persistence", "chatbot-app.Persistence\chatbot-app.Persistence.csproj", "{FA504B15-1A41-49B7-A437-362EB2F6F6EF}"
EndProject
Global
	GlobalSection(SolutionConfigurationPlatforms) = preSolution
		Debug|Any CPU = Debug|Any CPU
		Release|Any CPU = Release|Any CPU
	EndGlobalSection
	GlobalSection(ProjectConfigurationPlatforms) = postSolution
		{34AE3F5A-7A76-4214-8E13-04F8A0DD93FB}.Debug|Any CPU.ActiveCfg = Debug|Any CPU
		{34AE3F5A-7A76-4214-8E13-04F8A0DD93FB}.Debug|Any CPU.Build.0 = Debug|Any CPU
		{34AE3F5A-7A76-4214-8E13-04F8A0DD93FB}.Release|Any CPU.ActiveCfg = Release|Any CPU
		{34AE3F5A-7A76-4214-8E13-04F8A0DD93FB}.Release|Any CPU.Build.0 = Release|Any CPU
		{417F64F0-916B-4771-AE6B-245E3B436C38}.Debug|Any CPU.ActiveCfg = Debug|Any CPU
		{417F64F0-916B-4771-AE6B-245E3B436C38}.Debug|Any CPU.Build.0 = Debug|Any CPU
		{417F64F0-916B-4771-AE6B-245E3B436C38}.Debug|Any CPU.Deploy.0 = Debug|Any CPU
		{417F64F0-916B-4771-AE6B-245E3B436C38}.Release|Any CPU.ActiveCfg = Release|Any CPU
		{417F64F0-916B-4771-AE6B-245E3B436C38}.Release|Any CPU.Build.0 = Release|Any CPU
		{417F64F0-916B-4771-AE6B-245E3B436C38}.Release|Any CPU.Deploy.0 = Release|Any CPU
		{2769A019-F922-40C4-ABBC-DF1BBDA65B80}.Debug|Any CPU.ActiveCfg = Debug|Any CPU
		{2769A019-F922-40C4-ABBC-DF1BBDA65B80}.Debug|Any CPU.Build.0 = Debug|Any CPU
		{2769A019-F922-40C4-ABBC-DF1BBDA65B80}.Release|Any CPU.ActiveCfg = Release|Any CPU
		{2769A019-F922-40C4-ABBC-DF1BBDA65B80}.Release|Any CPU.Build.0 = Release|Any CPU
		{4A805517-E321-4B14-8001-1052DAAEACAD}.Debug|Any CPU.ActiveCfg = Debug|Any CPU
		{4A805517-E321-4B14-8001-1052DAAEACAD}.Debug|Any CPU.Build.0 = Debug|Any CPU
		{4A805517-E321-4B14-8001-1052DAAEACAD}.Release|Any CPU.ActiveCfg = Release|Any CPU
		{4A805517-E321-4B14-8001-1052DAAEACAD}.Release|Any CPU.Build.0 = Release|Any CPU
		{FA504B15-1A41-49B7-A437-362EB2F6F6EF}.Debug|Any CPU.ActiveCfg = Debug|Any CPU
		{FA504B15-1A41-49B7-A437-362EB2F6F6EF}.Debug|Any CPU.Build.0 = Debug|Any CPU
		{FA504B15-1A41-49B7-A437-362EB2F6F6EF}.Release|Any CPU.ActiveCfg = Release|Any CPU
		{FA504B15-1A41-49B7-A437-362EB2F6F6EF}.Release|Any CPU.Build.0 = Release|Any CPU
	EndGlobalSection
	GlobalSection(SolutionProperties) = preSolution
		HideSolutionNode = FALSE
	EndGlobalSection
	GlobalSection(ExtensibilityGlobals) = postSolution
		SolutionGuid = {D463D4CF-9EBD-43A6-9112-82A259AFC0A0}
	EndGlobalSection
EndGlobal
